
Microsoft Visual Studio Solution File, Format Version 12.00
# Visual Studio 2012
Project("{FAE04EC0-301F-11D3-BF4B-00C04F79EFBC}") = "ExcelOrWordForSV", "ExcelOrWordForSV\ExcelOrWordForSV.csproj", "{1102E7B4-6D70-4FB5-B426-2B0B5333B410}"
EndProject
Global
	GlobalSection(SolutionConfigurationPlatforms) = preSolution
		Debug|Any CPU = Debug|Any CPU
		Release|Any CPU = Release|Any CPU
	EndGlobalSection
	GlobalSection(ProjectConfigurationPlatforms) = postSolution
		{1102E7B4-6D70-4FB5-B426-2B0B5333B410}.Debug|Any CPU.ActiveCfg = Debug|Any CPU
		{1102E7B4-6D70-4FB5-B426-2B0B5333B410}.Debug|Any CPU.Build.0 = Debug|Any CPU
		{1102E7B4-6D70-4FB5-B426-2B0B5333B410}.Release|Any CPU.ActiveCfg = Release|Any CPU
		{1102E7B4-6D70-4FB5-B426-2B0B5333B410}.Release|Any CPU.Build.0 = Release|Any CPU
	EndGlobalSection
	GlobalSection(SolutionProperties) = preSolution
		HideSolutionNode = FALSE
	EndGlobalSection
EndGlobal
